
Microsoft Visual Studio Solution File, Format Version 12.00
# Visual Studio Version 17
VisualStudioVersion = 17.1.32421.90
MinimumVisualStudioVersion = 10.0.40219.1
Project("{8BC9CEB8-8B4A-11D0-8D11-00A0C91BC942}") = "MonsterWorld5", "MonsterWorld5\MonsterWorld5.vcxproj", "{B4FC085C-E5CD-47DF-A0CD-DF89A1ABF7D0}"
EndProject
Global
	GlobalSection(SolutionConfigurationPlatforms) = preSolution
		Debug|x64 = Debug|x64
		Debug|x86 = Debug|x86
		Release|x64 = Release|x64
		Release|x86 = Release|x86
	EndGlobalSection
	GlobalSection(ProjectConfigurationPlatforms) = postSolution
		{B4FC085C-E5CD-47DF-A0CD-DF89A1ABF7D0}.Debug|x64.ActiveCfg = Debug|x64
		{B4FC085C-E5CD-47DF-A0CD-DF89A1ABF7D0}.Debug|x64.Build.0 = Debug|x64
		{B4FC085C-E5CD-47DF-A0CD-DF89A1ABF7D0}.Debug|x86.ActiveCfg = Debug|Win32
		{B4FC085C-E5CD-47DF-A0CD-DF89A1ABF7D0}.Debug|x86.Build.0 = Debug|Win32
		{B4FC085C-E5CD-47DF-A0CD-DF89A1ABF7D0}.Release|x64.ActiveCfg = Release|x64
		{B4FC085C-E5CD-47DF-A0CD-DF89A1ABF7D0}.Release|x64.Build.0 = Release|x64
		{B4FC085C-E5CD-47DF-A0CD-DF89A1ABF7D0}.Release|x86.ActiveCfg = Release|Win32
		{B4FC085C-E5CD-47DF-A0CD-DF89A1ABF7D0}.Release|x86.Build.0 = Release|Win32
	EndGlobalSection
	GlobalSection(SolutionProperties) = preSolution
		HideSolutionNode = FALSE
	EndGlobalSection
	GlobalSection(ExtensibilityGlobals) = postSolution
		SolutionGuid = {AE8F0490-3B13-4CF4-89D8-97DB8E4FE937}
	EndGlobalSection
EndGlobal
